
Microsoft Visual Studio Solution File, Format Version 12.00
# Visual Studio Version 16
VisualStudioVersion = 16.0.32126.315
MinimumVisualStudioVersion = 10.0.40219.1
Project("{8BC9CEB8-8B4A-11D0-8D11-00A0C91BC942}") = "DingBotPush", "DingBotPush.vcxproj", "{9D6C379D-287F-48E0-82FA-2A8BEED74123}"
EndProject
Global
	GlobalSection(SolutionConfigurationPlatforms) = preSolution
		Debug|x64 = Debug|x64
		Debug|x86 = Debug|x86
		Release|x64 = Release|x64
		Release|x86 = Release|x86
	EndGlobalSection
	GlobalSection(ProjectConfigurationPlatforms) = postSolution
		{9D6C379D-287F-48E0-82FA-2A8BEED74123}.Debug|x64.ActiveCfg = Debug|x64
		{9D6C379D-287F-48E0-82FA-2A8BEED74123}.Debug|x64.Build.0 = Debug|x64
		{9D6C379D-287F-48E0-82FA-2A8BEED74123}.Debug|x86.ActiveCfg = Debug|Win32
		{9D6C379D-287F-48E0-82FA-2A8BEED74123}.Debug|x86.Build.0 = Debug|Win32
		{9D6C379D-287F-48E0-82FA-2A8BEED74123}.Release|x64.ActiveCfg = Release|x64
		{9D6C379D-287F-48E0-82FA-2A8BEED74123}.Release|x64.Build.0 = Release|x64
		{9D6C379D-287F-48E0-82FA-2A8BEED74123}.Release|x86.ActiveCfg = Release|Win32
		{9D6C379D-287F-48E0-82FA-2A8BEED74123}.Release|x86.Build.0 = Release|Win32
	EndGlobalSection
	GlobalSection(SolutionProperties) = preSolution
		HideSolutionNode = FALSE
	EndGlobalSection
	GlobalSection(ExtensibilityGlobals) = postSolution
		SolutionGuid = {DDF47C02-F651-4518-BE82-AB9F412128C8}
	EndGlobalSection
EndGlobal
